
Microsoft Visual Studio Solution File, Format Version 12.00
# Visual Studio Version 16
VisualStudioVersion = 16.0.31729.503
MinimumVisualStudioVersion = 10.0.40219.1
Project("{FAE04EC0-301F-11D3-BF4B-00C04F79EFBC}") = "NTLBAITAPLON348", "NTLBAITAPLON348\NTLBAITAPLON348.csproj", "{53185D77-140F-4B91-AE9C-795165568199}"
EndProject
Global
	GlobalSection(SolutionConfigurationPlatforms) = preSolution
		Debug|Any CPU = Debug|Any CPU
		Release|Any CPU = Release|Any CPU
	EndGlobalSection
	GlobalSection(ProjectConfigurationPlatforms) = postSolution
		{53185D77-140F-4B91-AE9C-795165568199}.Debug|Any CPU.ActiveCfg = Debug|Any CPU
		{53185D77-140F-4B91-AE9C-795165568199}.Debug|Any CPU.Build.0 = Debug|Any CPU
		{53185D77-140F-4B91-AE9C-795165568199}.Release|Any CPU.ActiveCfg = Release|Any CPU
		{53185D77-140F-4B91-AE9C-795165568199}.Release|Any CPU.Build.0 = Release|Any CPU
	EndGlobalSection
	GlobalSection(SolutionProperties) = preSolution
		HideSolutionNode = FALSE
	EndGlobalSection
	GlobalSection(ExtensibilityGlobals) = postSolution
		SolutionGuid = {CBE30EA7-6501-4A43-A78F-7200AB1B33A6}
	EndGlobalSection
EndGlobal
